{
    "_meta": {
        "hash": {
            "sha256": "a4929021832acfcba14212332e5ee064711425f4c7c78a2498ded8f431a4b51b"
        },
        "pipfile-spec": 6,
        "requires": {
            "python_version": "3.13"
        },
        "sources": [
            {
                "name": "pypi",
                "url": "https://pypi.org/simple",
                "verify_ssl": true
            }
        ]
    },
    "default": {
        "networkx": {
            "hashes": [
                "sha256:307c3669428c5362aab27c8a1260aa8f47c4e91d3891f48be0141738d8d053e1",
                "sha256:df5d4365b724cf81b8c6a7312509d0c22386097011ad1abe274afd5e9d3bbc5f"
            ],
            "index": "pypi",
            "markers": "python_version >= '3.10'",
            "version": "==3.4.2"
        }
    },
    "develop": {}
}
